
Microsoft Visual Studio Solution File, Format Version 12.00
# Visual Studio Version 17
VisualStudioVersion = 17.2.32630.192
MinimumVisualStudioVersion = 10.0.40219.1
Project("{FAE04EC0-301F-11D3-BF4B-00C04F79EFBC}") = "addressbook-web-tests", "addressbook-web-tests\addressbook-web-tests.csproj", "{A110DB0B-4D44-4F2D-AD07-E3BAB5147406}"
EndProject
Global
	GlobalSection(SolutionConfigurationPlatforms) = preSolution
		Debug|Any CPU = Debug|Any CPU
		Release|Any CPU = Release|Any CPU
	EndGlobalSection
	GlobalSection(ProjectConfigurationPlatforms) = postSolution
		{A110DB0B-4D44-4F2D-AD07-E3BAB5147406}.Debug|Any CPU.ActiveCfg = Debug|Any CPU
		{A110DB0B-4D44-4F2D-AD07-E3BAB5147406}.Debug|Any CPU.Build.0 = Debug|Any CPU
		{A110DB0B-4D44-4F2D-AD07-E3BAB5147406}.Release|Any CPU.ActiveCfg = Release|Any CPU
		{A110DB0B-4D44-4F2D-AD07-E3BAB5147406}.Release|Any CPU.Build.0 = Release|Any CPU
	EndGlobalSection
	GlobalSection(SolutionProperties) = preSolution
		HideSolutionNode = FALSE
	EndGlobalSection
	GlobalSection(ExtensibilityGlobals) = postSolution
		SolutionGuid = {CB351F75-A2BB-4D76-B07D-EFC1EA39F76C}
	EndGlobalSection
EndGlobal
